
Microsoft Visual Studio Solution File, Format Version 12.00
# Visual Studio Version 17
VisualStudioVersion = 17.4.33213.308
MinimumVisualStudioVersion = 10.0.40219.1
Project("{FAE04EC0-301F-11D3-BF4B-00C04F79EFBC}") = "MvcOrganikSebzeler", "MvcOrganikSebzeler\MvcOrganikSebzeler.csproj", "{755D5A99-511C-4199-A4CE-25484397D68C}"
EndProject
Global
	GlobalSection(SolutionConfigurationPlatforms) = preSolution
		Debug|Any CPU = Debug|Any CPU
		Release|Any CPU = Release|Any CPU
	EndGlobalSection
	GlobalSection(ProjectConfigurationPlatforms) = postSolution
		{755D5A99-511C-4199-A4CE-25484397D68C}.Debug|Any CPU.ActiveCfg = Debug|Any CPU
		{755D5A99-511C-4199-A4CE-25484397D68C}.Debug|Any CPU.Build.0 = Debug|Any CPU
		{755D5A99-511C-4199-A4CE-25484397D68C}.Release|Any CPU.ActiveCfg = Release|Any CPU
		{755D5A99-511C-4199-A4CE-25484397D68C}.Release|Any CPU.Build.0 = Release|Any CPU
	EndGlobalSection
	GlobalSection(SolutionProperties) = preSolution
		HideSolutionNode = FALSE
	EndGlobalSection
	GlobalSection(ExtensibilityGlobals) = postSolution
		SolutionGuid = {8F983EA7-2062-41CA-A366-926043A0F16C}
	EndGlobalSection
EndGlobal
